
Microsoft Visual Studio Solution File, Format Version 12.00
# Visual Studio 14
VisualStudioVersion = 14.0.23107.0
MinimumVisualStudioVersion = 10.0.40219.1
Project("{F184B08F-C81C-45F6-A57F-5ABD9991F28F}") = "cammWM.VS2012", "cammWM.VS2012.vbproj", "{2113697D-CA74-48D7-A638-8B56EC072AED}"
EndProject
Project("{F184B08F-C81C-45F6-A57F-5ABD9991F28F}") = "cammWM.Admin.VS2012", "..\..\adminarea\CammWM.Admin\cammWM.Admin.VS2012.vbproj", "{6C2216A0-A7BD-4A9B-AA98-8B1E02DE32FA}"
EndProject
Project("{F184B08F-C81C-45F6-A57F-5ABD9991F28F}") = "cammWM.VS2013.Test", "..\Tests\cammWM.Test\cammWM.VS2013.Test.vbproj", "{52E83A75-9866-404A-9D9E-52105FE8E6FE}"
EndProject
Global
	GlobalSection(SubversionScc) = preSolution
		Svn-Managed = True
		Manager = AnkhSVN - Subversion Support for Visual Studio
	EndGlobalSection
	GlobalSection(SolutionConfigurationPlatforms) = preSolution
		cwezel-testwebs-customized|Any CPU = cwezel-testwebs-customized|Any CPU
		Debug @ CM Intranet|Any CPU = Debug @ CM Intranet|Any CPU
		Debug @ CMM Dev Libs|Any CPU = Debug @ CMM Dev Libs|Any CPU
		Debug @ wks17|Any CPU = Debug @ wks17|Any CPU
		Debug @ wks26|Any CPU = Debug @ wks26|Any CPU
		Debug 2 Linux|Any CPU = Debug 2 Linux|Any CPU
		Debug|Any CPU = Debug|Any CPU
		NAnt Release|Any CPU = NAnt Release|Any CPU
		Release|Any CPU = Release|Any CPU
	EndGlobalSection
	GlobalSection(ProjectConfigurationPlatforms) = postSolution
		{2113697D-CA74-48D7-A638-8B56EC072AED}.cwezel-testwebs-customized|Any CPU.ActiveCfg = Release|Any CPU
		{2113697D-CA74-48D7-A638-8B56EC072AED}.cwezel-testwebs-customized|Any CPU.Build.0 = Release|Any CPU
		{2113697D-CA74-48D7-A638-8B56EC072AED}.Debug @ CM Intranet|Any CPU.ActiveCfg = Debug @ CM Intranet|Any CPU
		{2113697D-CA74-48D7-A638-8B56EC072AED}.Debug @ CM Intranet|Any CPU.Build.0 = Debug @ CM Intranet|Any CPU
		{2113697D-CA74-48D7-A638-8B56EC072AED}.Debug @ CMM Dev Libs|Any CPU.ActiveCfg = Debug @ CM Intranet|Any CPU
		{2113697D-CA74-48D7-A638-8B56EC072AED}.Debug @ CMM Dev Libs|Any CPU.Build.0 = Debug @ CM Intranet|Any CPU
		{2113697D-CA74-48D7-A638-8B56EC072AED}.Debug @ wks17|Any CPU.ActiveCfg = Debug @ wks17|Any CPU
		{2113697D-CA74-48D7-A638-8B56EC072AED}.Debug @ wks17|Any CPU.Build.0 = Debug @ wks17|Any CPU
		{2113697D-CA74-48D7-A638-8B56EC072AED}.Debug @ wks26|Any CPU.ActiveCfg = Debug @ wks26|Any CPU
		{2113697D-CA74-48D7-A638-8B56EC072AED}.Debug @ wks26|Any CPU.Build.0 = Debug @ wks26|Any CPU
		{2113697D-CA74-48D7-A638-8B56EC072AED}.Debug 2 Linux|Any CPU.ActiveCfg = Debug @ wks17|Any CPU
		{2113697D-CA74-48D7-A638-8B56EC072AED}.Debug 2 Linux|Any CPU.Build.0 = Debug @ wks17|Any CPU
		{2113697D-CA74-48D7-A638-8B56EC072AED}.Debug|Any CPU.ActiveCfg = Debug|Any CPU
		{2113697D-CA74-48D7-A638-8B56EC072AED}.Debug|Any CPU.Build.0 = Debug|Any CPU
		{2113697D-CA74-48D7-A638-8B56EC072AED}.NAnt Release|Any CPU.ActiveCfg = Release|Any CPU
		{2113697D-CA74-48D7-A638-8B56EC072AED}.NAnt Release|Any CPU.Build.0 = Release|Any CPU
		{2113697D-CA74-48D7-A638-8B56EC072AED}.Release|Any CPU.ActiveCfg = Release|Any CPU
		{2113697D-CA74-48D7-A638-8B56EC072AED}.Release|Any CPU.Build.0 = Release|Any CPU
		{6C2216A0-A7BD-4A9B-AA98-8B1E02DE32FA}.cwezel-testwebs-customized|Any CPU.ActiveCfg = Release|Any CPU
		{6C2216A0-A7BD-4A9B-AA98-8B1E02DE32FA}.cwezel-testwebs-customized|Any CPU.Build.0 = Release|Any CPU
		{6C2216A0-A7BD-4A9B-AA98-8B1E02DE32FA}.Debug @ CM Intranet|Any CPU.ActiveCfg = Debug @ CM Intranet|Any CPU
		{6C2216A0-A7BD-4A9B-AA98-8B1E02DE32FA}.Debug @ CM Intranet|Any CPU.Build.0 = Debug @ CM Intranet|Any CPU
		{6C2216A0-A7BD-4A9B-AA98-8B1E02DE32FA}.Debug @ CMM Dev Libs|Any CPU.ActiveCfg = Debug|Any CPU
		{6C2216A0-A7BD-4A9B-AA98-8B1E02DE32FA}.Debug @ CMM Dev Libs|Any CPU.Build.0 = Debug|Any CPU
		{6C2216A0-A7BD-4A9B-AA98-8B1E02DE32FA}.Debug @ wks17|Any CPU.ActiveCfg = Debug|Any CPU
		{6C2216A0-A7BD-4A9B-AA98-8B1E02DE32FA}.Debug @ wks17|Any CPU.Build.0 = Debug|Any CPU
		{6C2216A0-A7BD-4A9B-AA98-8B1E02DE32FA}.Debug @ wks26|Any CPU.ActiveCfg = Debug @ wks26|Any CPU
		{6C2216A0-A7BD-4A9B-AA98-8B1E02DE32FA}.Debug @ wks26|Any CPU.Build.0 = Debug @ wks26|Any CPU
		{6C2216A0-A7BD-4A9B-AA98-8B1E02DE32FA}.Debug 2 Linux|Any CPU.ActiveCfg = Debug|Any CPU
		{6C2216A0-A7BD-4A9B-AA98-8B1E02DE32FA}.Debug 2 Linux|Any CPU.Build.0 = Debug|Any CPU
		{6C2216A0-A7BD-4A9B-AA98-8B1E02DE32FA}.Debug|Any CPU.ActiveCfg = Debug|Any CPU
		{6C2216A0-A7BD-4A9B-AA98-8B1E02DE32FA}.Debug|Any CPU.Build.0 = Debug|Any CPU
		{6C2216A0-A7BD-4A9B-AA98-8B1E02DE32FA}.NAnt Release|Any CPU.ActiveCfg = Release|Any CPU
		{6C2216A0-A7BD-4A9B-AA98-8B1E02DE32FA}.NAnt Release|Any CPU.Build.0 = Release|Any CPU
		{6C2216A0-A7BD-4A9B-AA98-8B1E02DE32FA}.Release|Any CPU.ActiveCfg = Release|Any CPU
		{6C2216A0-A7BD-4A9B-AA98-8B1E02DE32FA}.Release|Any CPU.Build.0 = Release|Any CPU
		{52E83A75-9866-404A-9D9E-52105FE8E6FE}.cwezel-testwebs-customized|Any CPU.ActiveCfg = cwezel-testwebs-customized|Any CPU
		{52E83A75-9866-404A-9D9E-52105FE8E6FE}.cwezel-testwebs-customized|Any CPU.Build.0 = cwezel-testwebs-customized|Any CPU
		{52E83A75-9866-404A-9D9E-52105FE8E6FE}.Debug @ CM Intranet|Any CPU.ActiveCfg = Debug @ CMM Dev Libs|Any CPU
		{52E83A75-9866-404A-9D9E-52105FE8E6FE}.Debug @ CM Intranet|Any CPU.Build.0 = Debug @ CMM Dev Libs|Any CPU
		{52E83A75-9866-404A-9D9E-52105FE8E6FE}.Debug @ CMM Dev Libs|Any CPU.ActiveCfg = Debug @ CMM Dev Libs|Any CPU
		{52E83A75-9866-404A-9D9E-52105FE8E6FE}.Debug @ CMM Dev Libs|Any CPU.Build.0 = Debug @ CMM Dev Libs|Any CPU
		{52E83A75-9866-404A-9D9E-52105FE8E6FE}.Debug @ wks17|Any CPU.ActiveCfg = Debug @ CMM Dev Libs|Any CPU
		{52E83A75-9866-404A-9D9E-52105FE8E6FE}.Debug @ wks17|Any CPU.Build.0 = Debug @ CMM Dev Libs|Any CPU
		{52E83A75-9866-404A-9D9E-52105FE8E6FE}.Debug @ wks26|Any CPU.ActiveCfg = Debug @ wks26|Any CPU
		{52E83A75-9866-404A-9D9E-52105FE8E6FE}.Debug @ wks26|Any CPU.Build.0 = Debug @ wks26|Any CPU
		{52E83A75-9866-404A-9D9E-52105FE8E6FE}.Debug 2 Linux|Any CPU.ActiveCfg = Debug 2 Linux|Any CPU
		{52E83A75-9866-404A-9D9E-52105FE8E6FE}.Debug 2 Linux|Any CPU.Build.0 = Debug 2 Linux|Any CPU
		{52E83A75-9866-404A-9D9E-52105FE8E6FE}.Debug|Any CPU.ActiveCfg = Debug|Any CPU
		{52E83A75-9866-404A-9D9E-52105FE8E6FE}.Debug|Any CPU.Build.0 = Debug|Any CPU
		{52E83A75-9866-404A-9D9E-52105FE8E6FE}.NAnt Release|Any CPU.ActiveCfg = NAnt Release|Any CPU
		{52E83A75-9866-404A-9D9E-52105FE8E6FE}.NAnt Release|Any CPU.Build.0 = NAnt Release|Any CPU
		{52E83A75-9866-404A-9D9E-52105FE8E6FE}.Release|Any CPU.ActiveCfg = Release|Any CPU
		{52E83A75-9866-404A-9D9E-52105FE8E6FE}.Release|Any CPU.Build.0 = Release|Any CPU
	EndGlobalSection
	GlobalSection(SolutionProperties) = preSolution
		HideSolutionNode = FALSE
	EndGlobalSection
EndGlobal
