
Microsoft Visual Studio Solution File, Format Version 12.00
# Visual Studio Version 17
VisualStudioVersion = 17.14.36301.6 d17.14
MinimumVisualStudioVersion = 10.0.40219.1
Project("{F184B08F-C81C-45F6-A57F-5ABD9991F28F}") = "cammWM.VS2015.OpenSource", "cammWM.VS2015.OpenSource.vbproj", "{2113697D-CA74-48D7-A638-8B56EC072AED}"
EndProject
Project("{F184B08F-C81C-45F6-A57F-5ABD9991F28F}") = "cammWM.Admin.OpenSource.VS2015", "..\..\adminarea\CammWM.Admin\cammWM.Admin.OpenSource.VS2015.vbproj", "{6C2216A0-A7BD-4A9B-AA98-8B1E02DE32FA}"
EndProject
Global
	GlobalSection(SolutionConfigurationPlatforms) = preSolution
		Debug 2 Linux|Any CPU = Debug 2 Linux|Any CPU
		Debug|Any CPU = Debug|Any CPU
		NAnt Release|Any CPU = NAnt Release|Any CPU
		Release|Any CPU = Release|Any CPU
	EndGlobalSection
	GlobalSection(ProjectConfigurationPlatforms) = postSolution
		{2113697D-CA74-48D7-A638-8B56EC072AED}.Debug 2 Linux|Any CPU.ActiveCfg = Debug|Any CPU
		{2113697D-CA74-48D7-A638-8B56EC072AED}.Debug 2 Linux|Any CPU.Build.0 = Debug|Any CPU
		{2113697D-CA74-48D7-A638-8B56EC072AED}.Debug|Any CPU.ActiveCfg = Debug|Any CPU
		{2113697D-CA74-48D7-A638-8B56EC072AED}.Debug|Any CPU.Build.0 = Debug|Any CPU
		{2113697D-CA74-48D7-A638-8B56EC072AED}.NAnt Release|Any CPU.ActiveCfg = Release|Any CPU
		{2113697D-CA74-48D7-A638-8B56EC072AED}.NAnt Release|Any CPU.Build.0 = Release|Any CPU
		{2113697D-CA74-48D7-A638-8B56EC072AED}.Release|Any CPU.ActiveCfg = Release|Any CPU
		{2113697D-CA74-48D7-A638-8B56EC072AED}.Release|Any CPU.Build.0 = Release|Any CPU
		{6C2216A0-A7BD-4A9B-AA98-8B1E02DE32FA}.Debug 2 Linux|Any CPU.ActiveCfg = Debug|Any CPU
		{6C2216A0-A7BD-4A9B-AA98-8B1E02DE32FA}.Debug 2 Linux|Any CPU.Build.0 = Debug|Any CPU
		{6C2216A0-A7BD-4A9B-AA98-8B1E02DE32FA}.Debug|Any CPU.ActiveCfg = Debug|Any CPU
		{6C2216A0-A7BD-4A9B-AA98-8B1E02DE32FA}.Debug|Any CPU.Build.0 = Debug|Any CPU
		{6C2216A0-A7BD-4A9B-AA98-8B1E02DE32FA}.NAnt Release|Any CPU.ActiveCfg = Release|Any CPU
		{6C2216A0-A7BD-4A9B-AA98-8B1E02DE32FA}.NAnt Release|Any CPU.Build.0 = Release|Any CPU
		{6C2216A0-A7BD-4A9B-AA98-8B1E02DE32FA}.Release|Any CPU.ActiveCfg = Release|Any CPU
		{6C2216A0-A7BD-4A9B-AA98-8B1E02DE32FA}.Release|Any CPU.Build.0 = Release|Any CPU
	EndGlobalSection
	GlobalSection(SolutionProperties) = preSolution
		HideSolutionNode = FALSE
	EndGlobalSection
	GlobalSection(ExtensibilityGlobals) = postSolution
		SolutionGuid = {8D1B7E09-49D7-480F-9275-5DF60C2E7CAC}
	EndGlobalSection
	GlobalSection(SubversionScc) = preSolution
		Svn-Managed = True
		Manager = AnkhSVN - Subversion Support for Visual Studio
	EndGlobalSection
EndGlobal
