
Microsoft Visual Studio Solution File, Format Version 12.00
# Visual Studio 15
VisualStudioVersion = 15.0.27004.2005
MinimumVisualStudioVersion = 10.0.40219.1
Project("{E24C65DC-7377-472B-9ABA-BC803B73C61A}") = "cammWM.WebRootAdminApp", "cammWM.WebRootAdminApp\", "{AE3D7879-3185-44FE-A9E1-80B7793DA348}"
	ProjectSection(WebsiteProperties) = preProject
		TargetFrameworkMoniker = ".NETFramework,Version%3Dv4.0"
		Debug.AspNetCompiler.VirtualPath = "/localhost_5079"
		Debug.AspNetCompiler.PhysicalPath = "cammWM.WebRootAdminApp\"
		Debug.AspNetCompiler.TargetPath = "PrecompiledWeb\localhost_5079\"
		Debug.AspNetCompiler.Updateable = "true"
		Debug.AspNetCompiler.ForceOverwrite = "true"
		Debug.AspNetCompiler.FixedNames = "false"
		Debug.AspNetCompiler.Debug = "True"
		Release.AspNetCompiler.VirtualPath = "/localhost_5079"
		Release.AspNetCompiler.PhysicalPath = "cammWM.WebRootAdminApp\"
		Release.AspNetCompiler.TargetPath = "PrecompiledWeb\localhost_5079\"
		Release.AspNetCompiler.Updateable = "true"
		Release.AspNetCompiler.ForceOverwrite = "true"
		Release.AspNetCompiler.FixedNames = "false"
		Release.AspNetCompiler.Debug = "False"
		VWDPort = "5079"
		SlnRelativePath = "cammWM.WebRootAdminApp\"
	EndProjectSection
EndProject
Global
	GlobalSection(SolutionConfigurationPlatforms) = preSolution
		Debug|Any CPU = Debug|Any CPU
	EndGlobalSection
	GlobalSection(ProjectConfigurationPlatforms) = postSolution
		{AE3D7879-3185-44FE-A9E1-80B7793DA348}.Debug|Any CPU.ActiveCfg = Debug|Any CPU
		{AE3D7879-3185-44FE-A9E1-80B7793DA348}.Debug|Any CPU.Build.0 = Debug|Any CPU
	EndGlobalSection
	GlobalSection(SolutionProperties) = preSolution
		HideSolutionNode = FALSE
	EndGlobalSection
	GlobalSection(ExtensibilityGlobals) = postSolution
		SolutionGuid = {1912C5AA-B198-42AB-85E2-D831F02024B4}
	EndGlobalSection
EndGlobal
